
Microsoft Visual Studio Solution File, Format Version 12.00
# Visual Studio Version 16
VisualStudioVersion = 16.0.29326.143
MinimumVisualStudioVersion = 10.0.40219.1
Project("{2150E333-8FDC-42A3-9474-1A3956D46DE8}") = "Domain", "Domain", "{D3265964-7142-4C1D-874C-E5F9F76C16EE}"
EndProject
Project("{2150E333-8FDC-42A3-9474-1A3956D46DE8}") = "Infra.Bus", "Infra.Bus", "{515DA89B-423B-47C9-A312-80FAA7EAE8C0}"
EndProject
Project("{2150E333-8FDC-42A3-9474-1A3956D46DE8}") = "Infra.IoC", "Infra.IoC", "{F5D5E039-2F49-4C05-BFEE-C9D5559ACDAA}"
EndProject
Project("{2150E333-8FDC-42A3-9474-1A3956D46DE8}") = "Microservices", "Microservices", "{57143161-F5A2-47DB-AD54-ED5EF7D00D75}"
EndProject
Project("{2150E333-8FDC-42A3-9474-1A3956D46DE8}") = "Presentation", "Presentation", "{97932BE0-03C2-4A24-A01E-A189FF8210CA}"
EndProject
Project("{FAE04EC0-301F-11D3-BF4B-00C04F79EFBC}") = "MicroRabbit.Domain.Core", "MicroRabbit.Domain.Core\MicroRabbit.Domain.Core.csproj", "{3F2924FE-886C-42E8-B28C-8ACD3033DB85}"
EndProject
Project("{FAE04EC0-301F-11D3-BF4B-00C04F79EFBC}") = "MicroRabbit.Infra.Bus", "MicroRabbit.Infra.Bus\MicroRabbit.Infra.Bus.csproj", "{969622D9-D6E5-4859-912D-3C80986829DD}"
EndProject
Project("{FAE04EC0-301F-11D3-BF4B-00C04F79EFBC}") = "MicroRabbit.Infra.IoC", "MicroRabbit.Infra.IoC\MicroRabbit.Infra.IoC.csproj", "{0C85AFA6-A47B-4BEE-AAD5-5F2381413C87}"
EndProject
Project("{2150E333-8FDC-42A3-9474-1A3956D46DE8}") = "Banco", "Banco", "{C04A794D-1D8E-4074-8D13-EDCB8B027750}"
EndProject
Project("{2150E333-8FDC-42A3-9474-1A3956D46DE8}") = "Api", "Api", "{C10CF645-B661-4BD6-B4EA-3140D84BA93C}"
EndProject
Project("{2150E333-8FDC-42A3-9474-1A3956D46DE8}") = "Aplication", "Aplication", "{EDD60585-0264-4512-8792-CCDDFA7E2AF8}"
EndProject
Project("{2150E333-8FDC-42A3-9474-1A3956D46DE8}") = "Data", "Data", "{F0B69DEB-76F5-4EA8-B00B-9EE52652CB7E}"
EndProject
Project("{2150E333-8FDC-42A3-9474-1A3956D46DE8}") = "Domain", "Domain", "{C21D97AA-7C09-47AE-A5B5-1ADF0278D54B}"
EndProject
Project("{FAE04EC0-301F-11D3-BF4B-00C04F79EFBC}") = "MicroRabbit.Banco.Domain", "MicroRabbit.Banco.Domain\MicroRabbit.Banco.Domain.csproj", "{674DB53D-AF8C-4AFC-94A4-302B9D9ED0C7}"
EndProject
Project("{FAE04EC0-301F-11D3-BF4B-00C04F79EFBC}") = "MicroRabbit.Banco.Data", "MicroRabbit.Banco.Data\MicroRabbit.Banco.Data.csproj", "{77A5A799-603C-4C86-8E0B-42448E9D0835}"
EndProject
Project("{FAE04EC0-301F-11D3-BF4B-00C04F79EFBC}") = "MicroRabbit.Banco.Aplication", "MicroRabbit.Banco.Aplication\MicroRabbit.Banco.Aplication.csproj", "{31AD2CCE-2BCD-44FA-949D-ACA9F6274CDA}"
EndProject
Project("{FAE04EC0-301F-11D3-BF4B-00C04F79EFBC}") = "MicroRabbit.Banco.Api", "MicroRabbit.Banco.Api\MicroRabbit.Banco.Api.csproj", "{3CB9048D-DDB2-4BE0-980C-62F3E9C621B2}"
EndProject
Global
	GlobalSection(SolutionConfigurationPlatforms) = preSolution
		Debug|Any CPU = Debug|Any CPU
		Release|Any CPU = Release|Any CPU
	EndGlobalSection
	GlobalSection(ProjectConfigurationPlatforms) = postSolution
		{3F2924FE-886C-42E8-B28C-8ACD3033DB85}.Debug|Any CPU.ActiveCfg = Debug|Any CPU
		{3F2924FE-886C-42E8-B28C-8ACD3033DB85}.Debug|Any CPU.Build.0 = Debug|Any CPU
		{3F2924FE-886C-42E8-B28C-8ACD3033DB85}.Release|Any CPU.ActiveCfg = Release|Any CPU
		{3F2924FE-886C-42E8-B28C-8ACD3033DB85}.Release|Any CPU.Build.0 = Release|Any CPU
		{969622D9-D6E5-4859-912D-3C80986829DD}.Debug|Any CPU.ActiveCfg = Debug|Any CPU
		{969622D9-D6E5-4859-912D-3C80986829DD}.Debug|Any CPU.Build.0 = Debug|Any CPU
		{969622D9-D6E5-4859-912D-3C80986829DD}.Release|Any CPU.ActiveCfg = Release|Any CPU
		{969622D9-D6E5-4859-912D-3C80986829DD}.Release|Any CPU.Build.0 = Release|Any CPU
		{0C85AFA6-A47B-4BEE-AAD5-5F2381413C87}.Debug|Any CPU.ActiveCfg = Debug|Any CPU
		{0C85AFA6-A47B-4BEE-AAD5-5F2381413C87}.Debug|Any CPU.Build.0 = Debug|Any CPU
		{0C85AFA6-A47B-4BEE-AAD5-5F2381413C87}.Release|Any CPU.ActiveCfg = Release|Any CPU
		{0C85AFA6-A47B-4BEE-AAD5-5F2381413C87}.Release|Any CPU.Build.0 = Release|Any CPU
		{674DB53D-AF8C-4AFC-94A4-302B9D9ED0C7}.Debug|Any CPU.ActiveCfg = Debug|Any CPU
		{674DB53D-AF8C-4AFC-94A4-302B9D9ED0C7}.Debug|Any CPU.Build.0 = Debug|Any CPU
		{674DB53D-AF8C-4AFC-94A4-302B9D9ED0C7}.Release|Any CPU.ActiveCfg = Release|Any CPU
		{674DB53D-AF8C-4AFC-94A4-302B9D9ED0C7}.Release|Any CPU.Build.0 = Release|Any CPU
		{77A5A799-603C-4C86-8E0B-42448E9D0835}.Debug|Any CPU.ActiveCfg = Debug|Any CPU
		{77A5A799-603C-4C86-8E0B-42448E9D0835}.Debug|Any CPU.Build.0 = Debug|Any CPU
		{77A5A799-603C-4C86-8E0B-42448E9D0835}.Release|Any CPU.ActiveCfg = Release|Any CPU
		{77A5A799-603C-4C86-8E0B-42448E9D0835}.Release|Any CPU.Build.0 = Release|Any CPU
		{31AD2CCE-2BCD-44FA-949D-ACA9F6274CDA}.Debug|Any CPU.ActiveCfg = Debug|Any CPU
		{31AD2CCE-2BCD-44FA-949D-ACA9F6274CDA}.Debug|Any CPU.Build.0 = Debug|Any CPU
		{31AD2CCE-2BCD-44FA-949D-ACA9F6274CDA}.Release|Any CPU.ActiveCfg = Release|Any CPU
		{31AD2CCE-2BCD-44FA-949D-ACA9F6274CDA}.Release|Any CPU.Build.0 = Release|Any CPU
		{3CB9048D-DDB2-4BE0-980C-62F3E9C621B2}.Debug|Any CPU.ActiveCfg = Debug|Any CPU
		{3CB9048D-DDB2-4BE0-980C-62F3E9C621B2}.Debug|Any CPU.Build.0 = Debug|Any CPU
		{3CB9048D-DDB2-4BE0-980C-62F3E9C621B2}.Release|Any CPU.ActiveCfg = Release|Any CPU
		{3CB9048D-DDB2-4BE0-980C-62F3E9C621B2}.Release|Any CPU.Build.0 = Release|Any CPU
	EndGlobalSection
	GlobalSection(SolutionProperties) = preSolution
		HideSolutionNode = FALSE
	EndGlobalSection
	GlobalSection(NestedProjects) = preSolution
		{3F2924FE-886C-42E8-B28C-8ACD3033DB85} = {D3265964-7142-4C1D-874C-E5F9F76C16EE}
		{969622D9-D6E5-4859-912D-3C80986829DD} = {515DA89B-423B-47C9-A312-80FAA7EAE8C0}
		{0C85AFA6-A47B-4BEE-AAD5-5F2381413C87} = {F5D5E039-2F49-4C05-BFEE-C9D5559ACDAA}
		{C04A794D-1D8E-4074-8D13-EDCB8B027750} = {57143161-F5A2-47DB-AD54-ED5EF7D00D75}
		{C10CF645-B661-4BD6-B4EA-3140D84BA93C} = {C04A794D-1D8E-4074-8D13-EDCB8B027750}
		{EDD60585-0264-4512-8792-CCDDFA7E2AF8} = {C04A794D-1D8E-4074-8D13-EDCB8B027750}
		{F0B69DEB-76F5-4EA8-B00B-9EE52652CB7E} = {C04A794D-1D8E-4074-8D13-EDCB8B027750}
		{C21D97AA-7C09-47AE-A5B5-1ADF0278D54B} = {C04A794D-1D8E-4074-8D13-EDCB8B027750}
		{674DB53D-AF8C-4AFC-94A4-302B9D9ED0C7} = {C21D97AA-7C09-47AE-A5B5-1ADF0278D54B}
		{77A5A799-603C-4C86-8E0B-42448E9D0835} = {F0B69DEB-76F5-4EA8-B00B-9EE52652CB7E}
		{31AD2CCE-2BCD-44FA-949D-ACA9F6274CDA} = {EDD60585-0264-4512-8792-CCDDFA7E2AF8}
		{3CB9048D-DDB2-4BE0-980C-62F3E9C621B2} = {C10CF645-B661-4BD6-B4EA-3140D84BA93C}
	EndGlobalSection
	GlobalSection(ExtensibilityGlobals) = postSolution
		SolutionGuid = {4254CDA6-11F2-472F-B494-6A0FCC74667A}
	EndGlobalSection
EndGlobal
