
Microsoft Visual Studio Solution File, Format Version 12.00
# Visual Studio Version 16
VisualStudioVersion = 16.0.29326.143
MinimumVisualStudioVersion = 10.0.40219.1
Project("{2150E333-8FDC-42A3-9474-1A3956D46DE8}") = "Domain", "Domain", "{D3265964-7142-4C1D-874C-E5F9F76C16EE}"
EndProject
Project("{2150E333-8FDC-42A3-9474-1A3956D46DE8}") = "Infra.Bus", "Infra.Bus", "{515DA89B-423B-47C9-A312-80FAA7EAE8C0}"
EndProject
Project("{2150E333-8FDC-42A3-9474-1A3956D46DE8}") = "Infra.IoC", "Infra.IoC", "{F5D5E039-2F49-4C05-BFEE-C9D5559ACDAA}"
EndProject
Project("{2150E333-8FDC-42A3-9474-1A3956D46DE8}") = "Microservices", "Microservices", "{57143161-F5A2-47DB-AD54-ED5EF7D00D75}"
EndProject
Project("{2150E333-8FDC-42A3-9474-1A3956D46DE8}") = "Presentation", "Presentation", "{97932BE0-03C2-4A24-A01E-A189FF8210CA}"
EndProject
Project("{FAE04EC0-301F-11D3-BF4B-00C04F79EFBC}") = "MicroRabbit.Domain.Core", "MicroRabbit.Domain.Core\MicroRabbit.Domain.Core.csproj", "{3F2924FE-886C-42E8-B28C-8ACD3033DB85}"
EndProject
Global
	GlobalSection(SolutionConfigurationPlatforms) = preSolution
		Debug|Any CPU = Debug|Any CPU
		Release|Any CPU = Release|Any CPU
	EndGlobalSection
	GlobalSection(ProjectConfigurationPlatforms) = postSolution
		{3F2924FE-886C-42E8-B28C-8ACD3033DB85}.Debug|Any CPU.ActiveCfg = Debug|Any CPU
		{3F2924FE-886C-42E8-B28C-8ACD3033DB85}.Debug|Any CPU.Build.0 = Debug|Any CPU
		{3F2924FE-886C-42E8-B28C-8ACD3033DB85}.Release|Any CPU.ActiveCfg = Release|Any CPU
		{3F2924FE-886C-42E8-B28C-8ACD3033DB85}.Release|Any CPU.Build.0 = Release|Any CPU
	EndGlobalSection
	GlobalSection(SolutionProperties) = preSolution
		HideSolutionNode = FALSE
	EndGlobalSection
	GlobalSection(NestedProjects) = preSolution
		{3F2924FE-886C-42E8-B28C-8ACD3033DB85} = {D3265964-7142-4C1D-874C-E5F9F76C16EE}
	EndGlobalSection
	GlobalSection(ExtensibilityGlobals) = postSolution
		SolutionGuid = {4254CDA6-11F2-472F-B494-6A0FCC74667A}
	EndGlobalSection
EndGlobal
